
Microsoft Visual Studio Solution File, Format Version 12.00
# Visual Studio Version 17
VisualStudioVersion = 17.3.32929.385
MinimumVisualStudioVersion = 10.0.40219.1
Project("{9A19103F-16F7-4668-BE54-9A1E7A4F7556}") = "AppCoreAPI", "AppCoreAPI\AppCoreAPI.csproj", "{61DD9C5C-D6CF-4FB9-9FFC-82282F1871EF}"
EndProject
Project("{9A19103F-16F7-4668-BE54-9A1E7A4F7556}") = "BLL", "BLL\BLL.csproj", "{F734E192-243E-478E-A585-021F3BC771AC}"
EndProject
Project("{9A19103F-16F7-4668-BE54-9A1E7A4F7556}") = "DAL", "DAL\DAL.csproj", "{3D674B14-608C-4A36-B65F-30543F9AFCB0}"
EndProject
Global
	GlobalSection(SolutionConfigurationPlatforms) = preSolution
		Debug|Any CPU = Debug|Any CPU
		Release|Any CPU = Release|Any CPU
	EndGlobalSection
	GlobalSection(ProjectConfigurationPlatforms) = postSolution
		{61DD9C5C-D6CF-4FB9-9FFC-82282F1871EF}.Debug|Any CPU.ActiveCfg = Debug|Any CPU
		{61DD9C5C-D6CF-4FB9-9FFC-82282F1871EF}.Debug|Any CPU.Build.0 = Debug|Any CPU
		{61DD9C5C-D6CF-4FB9-9FFC-82282F1871EF}.Release|Any CPU.ActiveCfg = Release|Any CPU
		{61DD9C5C-D6CF-4FB9-9FFC-82282F1871EF}.Release|Any CPU.Build.0 = Release|Any CPU
		{F734E192-243E-478E-A585-021F3BC771AC}.Debug|Any CPU.ActiveCfg = Debug|Any CPU
		{F734E192-243E-478E-A585-021F3BC771AC}.Debug|Any CPU.Build.0 = Debug|Any CPU
		{F734E192-243E-478E-A585-021F3BC771AC}.Release|Any CPU.ActiveCfg = Release|Any CPU
		{F734E192-243E-478E-A585-021F3BC771AC}.Release|Any CPU.Build.0 = Release|Any CPU
		{3D674B14-608C-4A36-B65F-30543F9AFCB0}.Debug|Any CPU.ActiveCfg = Debug|Any CPU
		{3D674B14-608C-4A36-B65F-30543F9AFCB0}.Debug|Any CPU.Build.0 = Debug|Any CPU
		{3D674B14-608C-4A36-B65F-30543F9AFCB0}.Release|Any CPU.ActiveCfg = Release|Any CPU
		{3D674B14-608C-4A36-B65F-30543F9AFCB0}.Release|Any CPU.Build.0 = Release|Any CPU
	EndGlobalSection
	GlobalSection(SolutionProperties) = preSolution
		HideSolutionNode = FALSE
	EndGlobalSection
	GlobalSection(ExtensibilityGlobals) = postSolution
		SolutionGuid = {1E8D8FE4-0174-4BBD-9E20-E9182399D55E}
	EndGlobalSection
EndGlobal
